// !$*UTF8*$!
{
	archiveVersion = 1;
	classes = {
	};
	objectVersion = 46;
	objects = {

/* Begin PBXBuildFile section */
		243305352078CCF000D6A19C /* AppBuilder.m in Sources */ = {isa = PBXBuildFile; fileRef = 243305342078CCF000D6A19C /* AppBuilder.m */; };
		243305392078D28F00D6A19C /* AuthentificationWireframe.m in Sources */ = {isa = PBXBuildFile; fileRef = 243305382078D28F00D6A19C /* AuthentificationWireframe.m */; };
		2433053C2078D67900D6A19C /* RootWireframe.m in Sources */ = {isa = PBXBuildFile; fileRef = 2433053B2078D67900D6A19C /* RootWireframe.m */; };
		2433053F2078D9A500D6A19C /* AuthentificationPresenter.m in Sources */ = {isa = PBXBuildFile; fileRef = 2433053E2078D9A500D6A19C /* AuthentificationPresenter.m */; };
		243305422078D9B900D6A19C /* AuthentificationInteractor.m in Sources */ = {isa = PBXBuildFile; fileRef = 243305412078D9B900D6A19C /* AuthentificationInteractor.m */; };
		248D0D10207CD5940084669E /* MessageListInteractor.m in Sources */ = {isa = PBXBuildFile; fileRef = 248D0D0F207CD5940084669E /* MessageListInteractor.m */; };
		248D0D13207CD5AB0084669E /* MessageListWireframe.m in Sources */ = {isa = PBXBuildFile; fileRef = 248D0D12207CD5AB0084669E /* MessageListWireframe.m */; };
		248D0D16207CD5BC0084669E /* MessageListPresenter.m in Sources */ = {isa = PBXBuildFile; fileRef = 248D0D15207CD5BC0084669E /* MessageListPresenter.m */; };
		24CFA6241F73C4AA007D5170 /* SentimentPolarity.mlmodel in Sources */ = {isa = PBXBuildFile; fileRef = 24CFA6231F73C379007D5170 /* SentimentPolarity.mlmodel */; };
		24CFA6281F73C605007D5170 /* SentimentPolarityManager.m in Sources */ = {isa = PBXBuildFile; fileRef = 24CFA6271F73C605007D5170 /* SentimentPolarityManager.m */; };
		24CFA63E1F743CA6007D5170 /* UIView+Autolayout.m in Sources */ = {isa = PBXBuildFile; fileRef = 24CFA63D1F743CA6007D5170 /* UIView+Autolayout.m */; };
		24F781851F70384300C81BC9 /* main.m in Sources */ = {isa = PBXBuildFile; fileRef = 24F781841F70384300C81BC9 /* main.m */; };
		24F781881F70384300C81BC9 /* AppDelegate.m in Sources */ = {isa = PBXBuildFile; fileRef = 24F781871F70384300C81BC9 /* AppDelegate.m */; };
		24F781901F70384300C81BC9 /* Assets.xcassets in Resources */ = {isa = PBXBuildFile; fileRef = 24F7818F1F70384300C81BC9 /* Assets.xcassets */; };
		24F781931F70384300C81BC9 /* LaunchScreen.storyboard in Resources */ = {isa = PBXBuildFile; fileRef = 24F781911F70384300C81BC9 /* LaunchScreen.storyboard */; };
		24F7819B1F70384E00C81BC9 /* GoogleService-Info.plist in Resources */ = {isa = PBXBuildFile; fileRef = 24F7819A1F70384E00C81BC9 /* GoogleService-Info.plist */; };
		24F7819F1F70432F00C81BC9 /* MessagesDataSource.m in Sources */ = {isa = PBXBuildFile; fileRef = 24F7819E1F70432F00C81BC9 /* MessagesDataSource.m */; };
		24F781A41F70456C00C81BC9 /* GoogleSignInViewController.m in Sources */ = {isa = PBXBuildFile; fileRef = 24F781A21F70456C00C81BC9 /* GoogleSignInViewController.m */; };
		24F781A51F70456C00C81BC9 /* GoogleSignInViewController.xib in Resources */ = {isa = PBXBuildFile; fileRef = 24F781A31F70456C00C81BC9 /* GoogleSignInViewController.xib */; };
		24F781A81F705ED200C81BC9 /* GoogleSignInManager.m in Sources */ = {isa = PBXBuildFile; fileRef = 24F781A71F705ED200C81BC9 /* GoogleSignInManager.m */; };
		24F781AC1F70621900C81BC9 /* MessageListViewController.m in Sources */ = {isa = PBXBuildFile; fileRef = 24F781AB1F70621900C81BC9 /* MessageListViewController.m */; };
		24F781B01F727DE600C81BC9 /* MessageTableViewCell.m in Sources */ = {isa = PBXBuildFile; fileRef = 24F781AE1F727DE600C81BC9 /* MessageTableViewCell.m */; };
		24F781B11F727DE600C81BC9 /* MessageTableViewCell.xib in Resources */ = {isa = PBXBuildFile; fileRef = 24F781AF1F727DE600C81BC9 /* MessageTableViewCell.xib */; };
		24F781B51F72801400C81BC9 /* InitialViewController.m in Sources */ = {isa = PBXBuildFile; fileRef = 24F781B41F72801400C81BC9 /* InitialViewController.m */; };
		FFA5A5433F4B19AC23615DA6 /* libPods-emojimail.a in Frameworks */ = {isa = PBXBuildFile; fileRef = 1690292B101CE03A9D5863B8 /* libPods-emojimail.a */; };
/* End PBXBuildFile section */

/* Begin PBXFileReference section */
		1690292B101CE03A9D5863B8 /* libPods-emojimail.a */ = {isa = PBXFileReference; explicitFileType = archive.ar; includeInIndex = 0; path = "libPods-emojimail.a"; sourceTree = BUILT_PRODUCTS_DIR; };
		243305322078CC0A00D6A19C /* GoogleSignInViewInterface.h */ = {isa = PBXFileReference; lastKnownFileType = sourcecode.c.h; name = GoogleSignInViewInterface.h; path = /Users/aram/Documents/emojimail/emojimail/GoogleSignInViewInterface.h; sourceTree = "<absolute>"; };
		243305332078CCF000D6A19C /* AppBuilder.h */ = {isa = PBXFileReference; lastKnownFileType = sourcecode.c.h; path = AppBuilder.h; sourceTree = "<group>"; };
		243305342078CCF000D6A19C /* AppBuilder.m */ = {isa = PBXFileReference; lastKnownFileType = sourcecode.c.objc; path = AppBuilder.m; sourceTree = "<group>"; };
		243305372078D28F00D6A19C /* AuthentificationWireframe.h */ = {isa = PBXFileReference; lastKnownFileType = sourcecode.c.h; path = AuthentificationWireframe.h; sourceTree = "<group>"; };
		243305382078D28F00D6A19C /* AuthentificationWireframe.m */ = {isa = PBXFileReference; lastKnownFileType = sourcecode.c.objc; path = AuthentificationWireframe.m; sourceTree = "<group>"; };
		2433053A2078D67900D6A19C /* RootWireframe.h */ = {isa = PBXFileReference; lastKnownFileType = sourcecode.c.h; path = RootWireframe.h; sourceTree = "<group>"; };
		2433053B2078D67900D6A19C /* RootWireframe.m */ = {isa = PBXFileReference; lastKnownFileType = sourcecode.c.objc; path = RootWireframe.m; sourceTree = "<group>"; };
		2433053D2078D9A500D6A19C /* AuthentificationPresenter.h */ = {isa = PBXFileReference; lastKnownFileType = sourcecode.c.h; path = AuthentificationPresenter.h; sourceTree = "<group>"; };
		2433053E2078D9A500D6A19C /* AuthentificationPresenter.m */ = {isa = PBXFileReference; lastKnownFileType = sourcecode.c.objc; path = AuthentificationPresenter.m; sourceTree = "<group>"; };
		243305402078D9B900D6A19C /* AuthentificationInteractor.h */ = {isa = PBXFileReference; lastKnownFileType = sourcecode.c.h; path = AuthentificationInteractor.h; sourceTree = "<group>"; };
		243305412078D9B900D6A19C /* AuthentificationInteractor.m */ = {isa = PBXFileReference; lastKnownFileType = sourcecode.c.objc; path = AuthentificationInteractor.m; sourceTree = "<group>"; };
		248D0D0E207CD5940084669E /* MessageListInteractor.h */ = {isa = PBXFileReference; lastKnownFileType = sourcecode.c.h; path = MessageListInteractor.h; sourceTree = "<group>"; };
		248D0D0F207CD5940084669E /* MessageListInteractor.m */ = {isa = PBXFileReference; lastKnownFileType = sourcecode.c.objc; path = MessageListInteractor.m; sourceTree = "<group>"; };
		248D0D11207CD5AB0084669E /* MessageListWireframe.h */ = {isa = PBXFileReference; lastKnownFileType = sourcecode.c.h; path = MessageListWireframe.h; sourceTree = "<group>"; };
		248D0D12207CD5AB0084669E /* MessageListWireframe.m */ = {isa = PBXFileReference; lastKnownFileType = sourcecode.c.objc; path = MessageListWireframe.m; sourceTree = "<group>"; };
		248D0D14207CD5BC0084669E /* MessageListPresenter.h */ = {isa = PBXFileReference; lastKnownFileType = sourcecode.c.h; path = MessageListPresenter.h; sourceTree = "<group>"; };
		248D0D15207CD5BC0084669E /* MessageListPresenter.m */ = {isa = PBXFileReference; lastKnownFileType = sourcecode.c.objc; path = MessageListPresenter.m; sourceTree = "<group>"; };
		248D0D17207CD6CD0084669E /* AuthentificationModuleDelegate.h */ = {isa = PBXFileReference; lastKnownFileType = sourcecode.c.h; path = AuthentificationModuleDelegate.h; sourceTree = "<group>"; };
		248D0D18207CEF990084669E /* MessageListInteractorIO.h */ = {isa = PBXFileReference; lastKnownFileType = sourcecode.c.h; path = MessageListInteractorIO.h; sourceTree = "<group>"; };
		248D0D19207CF0180084669E /* MessageListViewEventHandler.h */ = {isa = PBXFileReference; lastKnownFileType = sourcecode.c.h; path = MessageListViewEventHandler.h; sourceTree = "<group>"; };
		24BA2B37207CCF2F00732B3E /* InitialViewEventHandler.h */ = {isa = PBXFileReference; lastKnownFileType = sourcecode.c.h; path = InitialViewEventHandler.h; sourceTree = "<group>"; };
		24BA2B38207CD0B300732B3E /* GoogleSignInViewEventHandler.h */ = {isa = PBXFileReference; lastKnownFileType = sourcecode.c.h; path = GoogleSignInViewEventHandler.h; sourceTree = "<group>"; };
		24CFA6231F73C379007D5170 /* SentimentPolarity.mlmodel */ = {isa = PBXFileReference; lastKnownFileType = file.mlmodel; path = SentimentPolarity.mlmodel; sourceTree = "<group>"; };
		24CFA6261F73C605007D5170 /* SentimentPolarityManager.h */ = {isa = PBXFileReference; lastKnownFileType = sourcecode.c.h; path = SentimentPolarityManager.h; sourceTree = "<group>"; };
		24CFA6271F73C605007D5170 /* SentimentPolarityManager.m */ = {isa = PBXFileReference; lastKnownFileType = sourcecode.c.objc; path = SentimentPolarityManager.m; sourceTree = "<group>"; };
		24CFA63C1F743CA6007D5170 /* UIView+Autolayout.h */ = {isa = PBXFileReference; lastKnownFileType = sourcecode.c.h; path = "UIView+Autolayout.h"; sourceTree = "<group>"; };
		24CFA63D1F743CA6007D5170 /* UIView+Autolayout.m */ = {isa = PBXFileReference; lastKnownFileType = sourcecode.c.objc; path = "UIView+Autolayout.m"; sourceTree = "<group>"; };
		24EE10252078FEB7004E6FB2 /* AuthentificationInteractorIO.h */ = {isa = PBXFileReference; lastKnownFileType = sourcecode.c.h; path = AuthentificationInteractorIO.h; sourceTree = "<group>"; };
		24F781801F70384300C81BC9 /* emojimail.app */ = {isa = PBXFileReference; explicitFileType = wrapper.application; includeInIndex = 0; path = emojimail.app; sourceTree = BUILT_PRODUCTS_DIR; };
		24F781841F70384300C81BC9 /* main.m */ = {isa = PBXFileReference; lastKnownFileType = sourcecode.c.objc; path = main.m; sourceTree = "<group>"; };
		24F781861F70384300C81BC9 /* AppDelegate.h */ = {isa = PBXFileReference; lastKnownFileType = sourcecode.c.h; path = AppDelegate.h; sourceTree = "<group>"; };
		24F781871F70384300C81BC9 /* AppDelegate.m */ = {isa = PBXFileReference; lastKnownFileType = sourcecode.c.objc; path = AppDelegate.m; sourceTree = "<group>"; };
		24F7818F1F70384300C81BC9 /* Assets.xcassets */ = {isa = PBXFileReference; lastKnownFileType = folder.assetcatalog; path = Assets.xcassets; sourceTree = "<group>"; };
		24F781921F70384300C81BC9 /* Base */ = {isa = PBXFileReference; lastKnownFileType = file.storyboard; name = Base; path = Base.lproj/LaunchScreen.storyboard; sourceTree = "<group>"; };
		24F781941F70384300C81BC9 /* Info.plist */ = {isa = PBXFileReference; lastKnownFileType = text.plist.xml; path = Info.plist; sourceTree = "<group>"; };
		24F7819A1F70384E00C81BC9 /* GoogleService-Info.plist */ = {isa = PBXFileReference; fileEncoding = 4; lastKnownFileType = text.plist.xml; path = "GoogleService-Info.plist"; sourceTree = "<group>"; };
		24F7819D1F70432F00C81BC9 /* MessagesDataSource.h */ = {isa = PBXFileReference; fileEncoding = 4; lastKnownFileType = sourcecode.c.h; path = MessagesDataSource.h; sourceTree = "<group>"; };
		24F7819E1F70432F00C81BC9 /* MessagesDataSource.m */ = {isa = PBXFileReference; fileEncoding = 4; lastKnownFileType = sourcecode.c.objc; path = MessagesDataSource.m; sourceTree = "<group>"; };
		24F781A11F70456C00C81BC9 /* GoogleSignInViewController.h */ = {isa = PBXFileReference; fileEncoding = 4; lastKnownFileType = sourcecode.c.h; path = GoogleSignInViewController.h; sourceTree = "<group>"; };
		24F781A21F70456C00C81BC9 /* GoogleSignInViewController.m */ = {isa = PBXFileReference; fileEncoding = 4; lastKnownFileType = sourcecode.c.objc; path = GoogleSignInViewController.m; sourceTree = "<group>"; };
		24F781A31F70456C00C81BC9 /* GoogleSignInViewController.xib */ = {isa = PBXFileReference; fileEncoding = 4; lastKnownFileType = file.xib; path = GoogleSignInViewController.xib; sourceTree = "<group>"; };
		24F781A61F705ED200C81BC9 /* GoogleSignInManager.h */ = {isa = PBXFileReference; fileEncoding = 4; lastKnownFileType = sourcecode.c.h; path = GoogleSignInManager.h; sourceTree = "<group>"; };
		24F781A71F705ED200C81BC9 /* GoogleSignInManager.m */ = {isa = PBXFileReference; fileEncoding = 4; lastKnownFileType = sourcecode.c.objc; path = GoogleSignInManager.m; sourceTree = "<group>"; };
		24F781AA1F70621900C81BC9 /* MessageListViewController.h */ = {isa = PBXFileReference; fileEncoding = 4; lastKnownFileType = sourcecode.c.h; path = MessageListViewController.h; sourceTree = "<group>"; };
		24F781AB1F70621900C81BC9 /* MessageListViewController.m */ = {isa = PBXFileReference; fileEncoding = 4; lastKnownFileType = sourcecode.c.objc; path = MessageListViewController.m; sourceTree = "<group>"; };
		24F781AD1F727DE600C81BC9 /* MessageTableViewCell.h */ = {isa = PBXFileReference; fileEncoding = 4; lastKnownFileType = sourcecode.c.h; path = MessageTableViewCell.h; sourceTree = "<group>"; };
		24F781AE1F727DE600C81BC9 /* MessageTableViewCell.m */ = {isa = PBXFileReference; fileEncoding = 4; lastKnownFileType = sourcecode.c.objc; path = MessageTableViewCell.m; sourceTree = "<group>"; };
		24F781AF1F727DE600C81BC9 /* MessageTableViewCell.xib */ = {isa = PBXFileReference; fileEncoding = 4; lastKnownFileType = file.xib; path = MessageTableViewCell.xib; sourceTree = "<group>"; };
		24F781B31F72801400C81BC9 /* InitialViewController.h */ = {isa = PBXFileReference; fileEncoding = 4; lastKnownFileType = sourcecode.c.h; path = InitialViewController.h; sourceTree = "<group>"; };
		24F781B41F72801400C81BC9 /* InitialViewController.m */ = {isa = PBXFileReference; fileEncoding = 4; lastKnownFileType = sourcecode.c.objc; path = InitialViewController.m; sourceTree = "<group>"; };
		71EA2C247D4BBD00A355A25E /* Pods-emojimail.release.xcconfig */ = {isa = PBXFileReference; includeInIndex = 1; lastKnownFileType = text.xcconfig; name = "Pods-emojimail.release.xcconfig"; path = "Pods/Target Support Files/Pods-emojimail/Pods-emojimail.release.xcconfig"; sourceTree = "<group>"; };
		90B4CCD2D9EFDB108775B684 /* Pods-emojimail.debug.xcconfig */ = {isa = PBXFileReference; includeInIndex = 1; lastKnownFileType = text.xcconfig; name = "Pods-emojimail.debug.xcconfig"; path = "Pods/Target Support Files/Pods-emojimail/Pods-emojimail.debug.xcconfig"; sourceTree = "<group>"; };
/* End PBXFileReference section */

/* Begin PBXFrameworksBuildPhase section */
		24F7817D1F70384300C81BC9 /* Frameworks */ = {
			isa = PBXFrameworksBuildPhase;
			buildActionMask = 2147483647;
			files = (
				FFA5A5433F4B19AC23615DA6 /* libPods-emojimail.a in Frameworks */,
			);
			runOnlyForDeploymentPostprocessing = 0;
		};
/* End PBXFrameworksBuildPhase section */

/* Begin PBXGroup section */
		243305362078D1F100D6A19C /* Authentification Module */ = {
			isa = PBXGroup;
			children = (
				248D0D17207CD6CD0084669E /* AuthentificationModuleDelegate.h */,
				243305372078D28F00D6A19C /* AuthentificationWireframe.h */,
				243305382078D28F00D6A19C /* AuthentificationWireframe.m */,
				2433053D2078D9A500D6A19C /* AuthentificationPresenter.h */,
				2433053E2078D9A500D6A19C /* AuthentificationPresenter.m */,
				24EE10252078FEB7004E6FB2 /* AuthentificationInteractorIO.h */,
				243305402078D9B900D6A19C /* AuthentificationInteractor.h */,
				243305412078D9B900D6A19C /* AuthentificationInteractor.m */,
				24BA2B37207CCF2F00732B3E /* InitialViewEventHandler.h */,
				24F781B31F72801400C81BC9 /* InitialViewController.h */,
				24F781B41F72801400C81BC9 /* InitialViewController.m */,
				24BA2B38207CD0B300732B3E /* GoogleSignInViewEventHandler.h */,
				243305322078CC0A00D6A19C /* GoogleSignInViewInterface.h */,
				24F781A11F70456C00C81BC9 /* GoogleSignInViewController.h */,
				24F781A21F70456C00C81BC9 /* GoogleSignInViewController.m */,
				24F781A31F70456C00C81BC9 /* GoogleSignInViewController.xib */,
			);
			name = "Authentification Module";
			sourceTree = "<group>";
		};
		24CFA6251F73C5D5007D5170 /* ML Models */ = {
			isa = PBXGroup;
			children = (
				24CFA6231F73C379007D5170 /* SentimentPolarity.mlmodel */,
			);
			name = "ML Models";
			sourceTree = "<group>";
		};
		24CFA63F1F743CAE007D5170 /* Utilities */ = {
			isa = PBXGroup;
			children = (
				24CFA63C1F743CA6007D5170 /* UIView+Autolayout.h */,
				24CFA63D1F743CA6007D5170 /* UIView+Autolayout.m */,
			);
			name = Utilities;
			sourceTree = "<group>";
		};
		24F781771F70384300C81BC9 = {
			isa = PBXGroup;
			children = (
				24F781821F70384300C81BC9 /* emojimail */,
				24F781811F70384300C81BC9 /* Products */,
				E49679860A5071FA6E6EFC69 /* Pods */,
				5D17D6A271D91EBA2D2AF4BB /* Frameworks */,
			);
			sourceTree = "<group>";
		};
		24F781811F70384300C81BC9 /* Products */ = {
			isa = PBXGroup;
			children = (
				24F781801F70384300C81BC9 /* emojimail.app */,
			);
			name = Products;
			sourceTree = "<group>";
		};
		24F781821F70384300C81BC9 /* emojimail */ = {
			isa = PBXGroup;
			children = (
				24F781861F70384300C81BC9 /* AppDelegate.h */,
				24F781871F70384300C81BC9 /* AppDelegate.m */,
				243305332078CCF000D6A19C /* AppBuilder.h */,
				243305342078CCF000D6A19C /* AppBuilder.m */,
				2433053A2078D67900D6A19C /* RootWireframe.h */,
				2433053B2078D67900D6A19C /* RootWireframe.m */,
				243305362078D1F100D6A19C /* Authentification Module */,
				24F781B21F727E0D00C81BC9 /* MessageListModule */,
				24CFA6251F73C5D5007D5170 /* ML Models */,
				24F781A91F705EDA00C81BC9 /* Managers */,
				24CFA63F1F743CAE007D5170 /* Utilities */,
				24F7818F1F70384300C81BC9 /* Assets.xcassets */,
				24F781911F70384300C81BC9 /* LaunchScreen.storyboard */,
				24F781941F70384300C81BC9 /* Info.plist */,
				24F7819A1F70384E00C81BC9 /* GoogleService-Info.plist */,
				24F781831F70384300C81BC9 /* Supporting Files */,
			);
			path = emojimail;
			sourceTree = "<group>";
		};
		24F781831F70384300C81BC9 /* Supporting Files */ = {
			isa = PBXGroup;
			children = (
				24F781841F70384300C81BC9 /* main.m */,
			);
			name = "Supporting Files";
			sourceTree = "<group>";
		};
		24F781A91F705EDA00C81BC9 /* Managers */ = {
			isa = PBXGroup;
			children = (
				24F781A61F705ED200C81BC9 /* GoogleSignInManager.h */,
				24F781A71F705ED200C81BC9 /* GoogleSignInManager.m */,
				24CFA6261F73C605007D5170 /* SentimentPolarityManager.h */,
				24CFA6271F73C605007D5170 /* SentimentPolarityManager.m */,
			);
			name = Managers;
			sourceTree = "<group>";
		};
		24F781B21F727E0D00C81BC9 /* MessageListModule */ = {
			isa = PBXGroup;
			children = (
				248D0D11207CD5AB0084669E /* MessageListWireframe.h */,
				248D0D12207CD5AB0084669E /* MessageListWireframe.m */,
				248D0D14207CD5BC0084669E /* MessageListPresenter.h */,
				248D0D15207CD5BC0084669E /* MessageListPresenter.m */,
				248D0D18207CEF990084669E /* MessageListInteractorIO.h */,
				248D0D0E207CD5940084669E /* MessageListInteractor.h */,
				248D0D0F207CD5940084669E /* MessageListInteractor.m */,
				248D0D19207CF0180084669E /* MessageListViewEventHandler.h */,
				24F781AA1F70621900C81BC9 /* MessageListViewController.h */,
				24F781AB1F70621900C81BC9 /* MessageListViewController.m */,
				24F781AD1F727DE600C81BC9 /* MessageTableViewCell.h */,
				24F781AE1F727DE600C81BC9 /* MessageTableViewCell.m */,
				24F781AF1F727DE600C81BC9 /* MessageTableViewCell.xib */,
				24F7819D1F70432F00C81BC9 /* MessagesDataSource.h */,
				24F7819E1F70432F00C81BC9 /* MessagesDataSource.m */,
			);
			name = MessageListModule;
			sourceTree = "<group>";
		};
		5D17D6A271D91EBA2D2AF4BB /* Frameworks */ = {
			isa = PBXGroup;
			children = (
				1690292B101CE03A9D5863B8 /* libPods-emojimail.a */,
			);
			name = Frameworks;
			sourceTree = "<group>";
		};
		E49679860A5071FA6E6EFC69 /* Pods */ = {
			isa = PBXGroup;
			children = (
				90B4CCD2D9EFDB108775B684 /* Pods-emojimail.debug.xcconfig */,
				71EA2C247D4BBD00A355A25E /* Pods-emojimail.release.xcconfig */,
			);
			name = Pods;
			sourceTree = "<group>";
		};
/* End PBXGroup section */

/* Begin PBXNativeTarget section */
		24F7817F1F70384300C81BC9 /* emojimail */ = {
			isa = PBXNativeTarget;
			buildConfigurationList = 24F781971F70384300C81BC9 /* Build configuration list for PBXNativeTarget "emojimail" */;
			buildPhases = (
				CC4821540707F62B43BD3AD8 /* [CP] Check Pods Manifest.lock */,
				24F7817C1F70384300C81BC9 /* Sources */,
				24F7817D1F70384300C81BC9 /* Frameworks */,
				24F7817E1F70384300C81BC9 /* Resources */,
				72E47C04D690FF2E6594AB1A /* [CP] Embed Pods Frameworks */,
				DF13145868BC5BEF50AA2A8A /* [CP] Copy Pods Resources */,
			);
			buildRules = (
			);
			dependencies = (
			);
			name = emojimail;
			productName = emojimail;
			productReference = 24F781801F70384300C81BC9 /* emojimail.app */;
			productType = "com.apple.product-type.application";
		};
/* End PBXNativeTarget section */

/* Begin PBXProject section */
		24F781781F70384300C81BC9 /* Project object */ = {
			isa = PBXProject;
			attributes = {
				LastUpgradeCheck = 0830;
				ORGANIZATIONNAME = "Aram Sargsyan";
				TargetAttributes = {
					24F7817F1F70384300C81BC9 = {
						CreatedOnToolsVersion = 8.3.3;
						DevelopmentTeam = P6TG56JU5M;
						ProvisioningStyle = Automatic;
					};
				};
			};
			buildConfigurationList = 24F7817B1F70384300C81BC9 /* Build configuration list for PBXProject "emojimail" */;
			compatibilityVersion = "Xcode 3.2";
			developmentRegion = English;
			hasScannedForEncodings = 0;
			knownRegions = (
				en,
				Base,
			);
			mainGroup = 24F781771F70384300C81BC9;
			productRefGroup = 24F781811F70384300C81BC9 /* Products */;
			projectDirPath = "";
			projectRoot = "";
			targets = (
				24F7817F1F70384300C81BC9 /* emojimail */,
			);
		};
/* End PBXProject section */

/* Begin PBXResourcesBuildPhase section */
		24F7817E1F70384300C81BC9 /* Resources */ = {
			isa = PBXResourcesBuildPhase;
			buildActionMask = 2147483647;
			files = (
				24F781931F70384300C81BC9 /* LaunchScreen.storyboard in Resources */,
				24F781A51F70456C00C81BC9 /* GoogleSignInViewController.xib in Resources */,
				24F781B11F727DE600C81BC9 /* MessageTableViewCell.xib in Resources */,
				24F7819B1F70384E00C81BC9 /* GoogleService-Info.plist in Resources */,
				24F781901F70384300C81BC9 /* Assets.xcassets in Resources */,
			);
			runOnlyForDeploymentPostprocessing = 0;
		};
/* End PBXResourcesBuildPhase section */

/* Begin PBXShellScriptBuildPhase section */
		72E47C04D690FF2E6594AB1A /* [CP] Embed Pods Frameworks */ = {
			isa = PBXShellScriptBuildPhase;
			buildActionMask = 2147483647;
			files = (
			);
			inputPaths = (
			);
			name = "[CP] Embed Pods Frameworks";
			outputPaths = (
			);
			runOnlyForDeploymentPostprocessing = 0;
			shellPath = /bin/sh;
			shellScript = "\"${SRCROOT}/Pods/Target Support Files/Pods-emojimail/Pods-emojimail-frameworks.sh\"\n";
			showEnvVarsInLog = 0;
		};
		CC4821540707F62B43BD3AD8 /* [CP] Check Pods Manifest.lock */ = {
			isa = PBXShellScriptBuildPhase;
			buildActionMask = 2147483647;
			files = (
			);
			inputPaths = (
				"${PODS_PODFILE_DIR_PATH}/Podfile.lock",
				"${PODS_ROOT}/Manifest.lock",
			);
			name = "[CP] Check Pods Manifest.lock";
			outputPaths = (
				"$(DERIVED_FILE_DIR)/Pods-emojimail-checkManifestLockResult.txt",
			);
			runOnlyForDeploymentPostprocessing = 0;
			shellPath = /bin/sh;
			shellScript = "diff \"${PODS_ROOT}/../Podfile.lock\" \"${PODS_ROOT}/Manifest.lock\" > /dev/null\nif [ $? != 0 ] ; then\n    # print error to STDERR\n    echo \"error: The sandbox is not in sync with the Podfile.lock. Run 'pod install' or update your CocoaPods installation.\" >&2\n    exit 1\nfi\n";
			showEnvVarsInLog = 0;
		};
		DF13145868BC5BEF50AA2A8A /* [CP] Copy Pods Resources */ = {
			isa = PBXShellScriptBuildPhase;
			buildActionMask = 2147483647;
			files = (
			);
			inputPaths = (
				"${SRCROOT}/Pods/Target Support Files/Pods-emojimail/Pods-emojimail-resources.sh",
				"${PODS_ROOT}/GTMOAuth2/Source/Touch/GTMOAuth2ViewTouch.xib",
				"${PODS_ROOT}/GoogleSignIn/Resources/GoogleSignIn.bundle",
			);
			name = "[CP] Copy Pods Resources";
			outputPaths = (
				"${TARGET_BUILD_DIR}/${UNLOCALIZED_RESOURCES_FOLDER_PATH}",
			);
			runOnlyForDeploymentPostprocessing = 0;
			shellPath = /bin/sh;
			shellScript = "\"${SRCROOT}/Pods/Target Support Files/Pods-emojimail/Pods-emojimail-resources.sh\"\n";
			showEnvVarsInLog = 0;
		};
/* End PBXShellScriptBuildPhase section */

/* Begin PBXSourcesBuildPhase section */
		24F7817C1F70384300C81BC9 /* Sources */ = {
			isa = PBXSourcesBuildPhase;
			buildActionMask = 2147483647;
			files = (
				24F781B51F72801400C81BC9 /* InitialViewController.m in Sources */,
				24F781B01F727DE600C81BC9 /* MessageTableViewCell.m in Sources */,
				248D0D13207CD5AB0084669E /* MessageListWireframe.m in Sources */,
				24F7819F1F70432F00C81BC9 /* MessagesDataSource.m in Sources */,
				243305422078D9B900D6A19C /* AuthentificationInteractor.m in Sources */,
				24F781A81F705ED200C81BC9 /* GoogleSignInManager.m in Sources */,
				248D0D16207CD5BC0084669E /* MessageListPresenter.m in Sources */,
				2433053F2078D9A500D6A19C /* AuthentificationPresenter.m in Sources */,
				24CFA63E1F743CA6007D5170 /* UIView+Autolayout.m in Sources */,
				24F781881F70384300C81BC9 /* AppDelegate.m in Sources */,
				24CFA6241F73C4AA007D5170 /* SentimentPolarity.mlmodel in Sources */,
				24F781A41F70456C00C81BC9 /* GoogleSignInViewController.m in Sources */,
				248D0D10207CD5940084669E /* MessageListInteractor.m in Sources */,
				2433053C2078D67900D6A19C /* RootWireframe.m in Sources */,
				24CFA6281F73C605007D5170 /* SentimentPolarityManager.m in Sources */,
				24F781AC1F70621900C81BC9 /* MessageListViewController.m in Sources */,
				24F781851F70384300C81BC9 /* main.m in Sources */,
				243305352078CCF000D6A19C /* AppBuilder.m in Sources */,
				243305392078D28F00D6A19C /* AuthentificationWireframe.m in Sources */,
			);
			runOnlyForDeploymentPostprocessing = 0;
		};
/* End PBXSourcesBuildPhase section */

/* Begin PBXVariantGroup section */
		24F781911F70384300C81BC9 /* LaunchScreen.storyboard */ = {
			isa = PBXVariantGroup;
			children = (
				24F781921F70384300C81BC9 /* Base */,
			);
			name = LaunchScreen.storyboard;
			sourceTree = "<group>";
		};
/* End PBXVariantGroup section */

/* Begin XCBuildConfiguration section */
		24F781951F70384300C81BC9 /* Debug */ = {
			isa = XCBuildConfiguration;
			buildSettings = {
				ALWAYS_SEARCH_USER_PATHS = NO;
				CLANG_ANALYZER_NONNULL = YES;
				CLANG_ANALYZER_NUMBER_OBJECT_CONVERSION = YES_AGGRESSIVE;
				CLANG_CXX_LANGUAGE_STANDARD = "gnu++0x";
				CLANG_CXX_LIBRARY = "libc++";
				CLANG_ENABLE_MODULES = YES;
				CLANG_ENABLE_OBJC_ARC = YES;
				CLANG_WARN_BOOL_CONVERSION = YES;
				CLANG_WARN_CONSTANT_CONVERSION = YES;
				CLANG_WARN_DIRECT_OBJC_ISA_USAGE = YES_ERROR;
				CLANG_WARN_DOCUMENTATION_COMMENTS = YES;
				CLANG_WARN_EMPTY_BODY = YES;
				CLANG_WARN_ENUM_CONVERSION = YES;
				CLANG_WARN_INFINITE_RECURSION = YES;
				CLANG_WARN_INT_CONVERSION = YES;
				CLANG_WARN_OBJC_ROOT_CLASS = YES_ERROR;
				CLANG_WARN_SUSPICIOUS_MOVE = YES;
				CLANG_WARN_UNREACHABLE_CODE = YES;
				CLANG_WARN__DUPLICATE_METHOD_MATCH = YES;
				"CODE_SIGN_IDENTITY[sdk=iphoneos*]" = "iPhone Developer";
				COPY_PHASE_STRIP = NO;
				DEBUG_INFORMATION_FORMAT = dwarf;
				ENABLE_STRICT_OBJC_MSGSEND = YES;
				ENABLE_TESTABILITY = YES;
				GCC_C_LANGUAGE_STANDARD = gnu99;
				GCC_DYNAMIC_NO_PIC = NO;
				GCC_NO_COMMON_BLOCKS = YES;
				GCC_OPTIMIZATION_LEVEL = 0;
				GCC_PREPROCESSOR_DEFINITIONS = (
					"DEBUG=1",
					"$(inherited)",
				);
				GCC_WARN_64_TO_32_BIT_CONVERSION = YES;
				GCC_WARN_ABOUT_RETURN_TYPE = YES_ERROR;
				GCC_WARN_UNDECLARED_SELECTOR = YES;
				GCC_WARN_UNINITIALIZED_AUTOS = YES_AGGRESSIVE;
				GCC_WARN_UNUSED_FUNCTION = YES;
				GCC_WARN_UNUSED_VARIABLE = YES;
				IPHONEOS_DEPLOYMENT_TARGET = 10.3;
				MTL_ENABLE_DEBUG_INFO = YES;
				ONLY_ACTIVE_ARCH = YES;
				SDKROOT = iphoneos;
				TARGETED_DEVICE_FAMILY = "1,2";
			};
			name = Debug;
		};
		24F781961F70384300C81BC9 /* Release */ = {
			isa = XCBuildConfiguration;
			buildSettings = {
				ALWAYS_SEARCH_USER_PATHS = NO;
				CLANG_ANALYZER_NONNULL = YES;
				CLANG_ANALYZER_NUMBER_OBJECT_CONVERSION = YES_AGGRESSIVE;
				CLANG_CXX_LANGUAGE_STANDARD = "gnu++0x";
				CLANG_CXX_LIBRARY = "libc++";
				CLANG_ENABLE_MODULES = YES;
				CLANG_ENABLE_OBJC_ARC = YES;
				CLANG_WARN_BOOL_CONVERSION = YES;
				CLANG_WARN_CONSTANT_CONVERSION = YES;
				CLANG_WARN_DIRECT_OBJC_ISA_USAGE = YES_ERROR;
				CLANG_WARN_DOCUMENTATION_COMMENTS = YES;
				CLANG_WARN_EMPTY_BODY = YES;
				CLANG_WARN_ENUM_CONVERSION = YES;
				CLANG_WARN_INFINITE_RECURSION = YES;
				CLANG_WARN_INT_CONVERSION = YES;
				CLANG_WARN_OBJC_ROOT_CLASS = YES_ERROR;
				CLANG_WARN_SUSPICIOUS_MOVE = YES;
				CLANG_WARN_UNREACHABLE_CODE = YES;
				CLANG_WARN__DUPLICATE_METHOD_MATCH = YES;
				"CODE_SIGN_IDENTITY[sdk=iphoneos*]" = "iPhone Developer";
				COPY_PHASE_STRIP = NO;
				DEBUG_INFORMATION_FORMAT = "dwarf-with-dsym";
				ENABLE_NS_ASSERTIONS = NO;
				ENABLE_STRICT_OBJC_MSGSEND = YES;
				GCC_C_LANGUAGE_STANDARD = gnu99;
				GCC_NO_COMMON_BLOCKS = YES;
				GCC_WARN_64_TO_32_BIT_CONVERSION = YES;
				GCC_WARN_ABOUT_RETURN_TYPE = YES_ERROR;
				GCC_WARN_UNDECLARED_SELECTOR = YES;
				GCC_WARN_UNINITIALIZED_AUTOS = YES_AGGRESSIVE;
				GCC_WARN_UNUSED_FUNCTION = YES;
				GCC_WARN_UNUSED_VARIABLE = YES;
				IPHONEOS_DEPLOYMENT_TARGET = 10.3;
				MTL_ENABLE_DEBUG_INFO = NO;
				SDKROOT = iphoneos;
				TARGETED_DEVICE_FAMILY = "1,2";
				VALIDATE_PRODUCT = YES;
			};
			name = Release;
		};
		24F781981F70384300C81BC9 /* Debug */ = {
			isa = XCBuildConfiguration;
			baseConfigurationReference = 90B4CCD2D9EFDB108775B684 /* Pods-emojimail.debug.xcconfig */;
			buildSettings = {
				ASSETCATALOG_COMPILER_APPICON_NAME = AppIcon;
				DEVELOPMENT_TEAM = P6TG56JU5M;
				INFOPLIST_FILE = emojimail/Info.plist;
				IPHONEOS_DEPLOYMENT_TARGET = 11.0;
				LD_RUNPATH_SEARCH_PATHS = "$(inherited) @executable_path/Frameworks";
				PRODUCT_BUNDLE_IDENTIFIER = com.aramsargsyan.emojimail.emojimail;
				PRODUCT_NAME = "$(TARGET_NAME)";
			};
			name = Debug;
		};
		24F781991F70384300C81BC9 /* Release */ = {
			isa = XCBuildConfiguration;
			baseConfigurationReference = 71EA2C247D4BBD00A355A25E /* Pods-emojimail.release.xcconfig */;
			buildSettings = {
				ASSETCATALOG_COMPILER_APPICON_NAME = AppIcon;
				DEVELOPMENT_TEAM = P6TG56JU5M;
				INFOPLIST_FILE = emojimail/Info.plist;
				IPHONEOS_DEPLOYMENT_TARGET = 11.0;
				LD_RUNPATH_SEARCH_PATHS = "$(inherited) @executable_path/Frameworks";
				PRODUCT_BUNDLE_IDENTIFIER = com.aramsargsyan.emojimail.emojimail;
				PRODUCT_NAME = "$(TARGET_NAME)";
			};
			name = Release;
		};
/* End XCBuildConfiguration section */

/* Begin XCConfigurationList section */
		24F7817B1F70384300C81BC9 /* Build configuration list for PBXProject "emojimail" */ = {
			isa = XCConfigurationList;
			buildConfigurations = (
				24F781951F70384300C81BC9 /* Debug */,
				24F781961F70384300C81BC9 /* Release */,
			);
			defaultConfigurationIsVisible = 0;
			defaultConfigurationName = Release;
		};
		24F781971F70384300C81BC9 /* Build configuration list for PBXNativeTarget "emojimail" */ = {
			isa = XCConfigurationList;
			buildConfigurations = (
				24F781981F70384300C81BC9 /* Debug */,
				24F781991F70384300C81BC9 /* Release */,
			);
			defaultConfigurationIsVisible = 0;
			defaultConfigurationName = Release;
		};
/* End XCConfigurationList section */
	};
	rootObject = 24F781781F70384300C81BC9 /* Project object */;
}
